
Microsoft Visual Studio Solution File, Format Version 12.00
# Visual Studio Version 16
VisualStudioVersion = 16.0.31624.102
MinimumVisualStudioVersion = 10.0.40219.1
Project("{FAE04EC0-301F-11D3-BF4B-00C04F79EFBC}") = "atribuindo-variaveis", "atribuindo-variaveis.csproj", "{6837FD2A-67E2-4970-A2C5-D5C26F80B144}"
EndProject
Global
	GlobalSection(SolutionConfigurationPlatforms) = preSolution
		Debug|Any CPU = Debug|Any CPU
		Release|Any CPU = Release|Any CPU
	EndGlobalSection
	GlobalSection(ProjectConfigurationPlatforms) = postSolution
		{6837FD2A-67E2-4970-A2C5-D5C26F80B144}.Debug|Any CPU.ActiveCfg = Debug|Any CPU
		{6837FD2A-67E2-4970-A2C5-D5C26F80B144}.Debug|Any CPU.Build.0 = Debug|Any CPU
		{6837FD2A-67E2-4970-A2C5-D5C26F80B144}.Release|Any CPU.ActiveCfg = Release|Any CPU
		{6837FD2A-67E2-4970-A2C5-D5C26F80B144}.Release|Any CPU.Build.0 = Release|Any CPU
	EndGlobalSection
	GlobalSection(SolutionProperties) = preSolution
		HideSolutionNode = FALSE
	EndGlobalSection
	GlobalSection(ExtensibilityGlobals) = postSolution
		SolutionGuid = {3E84605E-7C81-449F-84A2-FAFF5AA3D44B}
	EndGlobalSection
EndGlobal
