
Microsoft Visual Studio Solution File, Format Version 12.00
# Visual Studio Version 16
VisualStudioVersion = 16.0.31624.102
MinimumVisualStudioVersion = 10.0.40219.1
Project("{FAE04EC0-301F-11D3-BF4B-00C04F79EFBC}") = "desafio-fatorial", "desafio-fatorial.csproj", "{7EDDFF76-CB67-4B9D-B7BD-B6D5067CED33}"
EndProject
Global
	GlobalSection(SolutionConfigurationPlatforms) = preSolution
		Debug|Any CPU = Debug|Any CPU
		Release|Any CPU = Release|Any CPU
	EndGlobalSection
	GlobalSection(ProjectConfigurationPlatforms) = postSolution
		{7EDDFF76-CB67-4B9D-B7BD-B6D5067CED33}.Debug|Any CPU.ActiveCfg = Debug|Any CPU
		{7EDDFF76-CB67-4B9D-B7BD-B6D5067CED33}.Debug|Any CPU.Build.0 = Debug|Any CPU
		{7EDDFF76-CB67-4B9D-B7BD-B6D5067CED33}.Release|Any CPU.ActiveCfg = Release|Any CPU
		{7EDDFF76-CB67-4B9D-B7BD-B6D5067CED33}.Release|Any CPU.Build.0 = Release|Any CPU
	EndGlobalSection
	GlobalSection(SolutionProperties) = preSolution
		HideSolutionNode = FALSE
	EndGlobalSection
	GlobalSection(ExtensibilityGlobals) = postSolution
		SolutionGuid = {F04B838E-3DC0-444E-858E-B1CA81C5D7A5}
	EndGlobalSection
EndGlobal
