
Microsoft Visual Studio Solution File, Format Version 12.00
# Visual Studio Version 16
VisualStudioVersion = 16.0.31624.102
MinimumVisualStudioVersion = 10.0.40219.1
Project("{FAE04EC0-301F-11D3-BF4B-00C04F79EFBC}") = "for", "for.csproj", "{CD2BE397-8488-4411-AE47-0098C8A44DC5}"
EndProject
Global
	GlobalSection(SolutionConfigurationPlatforms) = preSolution
		Debug|Any CPU = Debug|Any CPU
		Release|Any CPU = Release|Any CPU
	EndGlobalSection
	GlobalSection(ProjectConfigurationPlatforms) = postSolution
		{CD2BE397-8488-4411-AE47-0098C8A44DC5}.Debug|Any CPU.ActiveCfg = Debug|Any CPU
		{CD2BE397-8488-4411-AE47-0098C8A44DC5}.Debug|Any CPU.Build.0 = Debug|Any CPU
		{CD2BE397-8488-4411-AE47-0098C8A44DC5}.Release|Any CPU.ActiveCfg = Release|Any CPU
		{CD2BE397-8488-4411-AE47-0098C8A44DC5}.Release|Any CPU.Build.0 = Release|Any CPU
	EndGlobalSection
	GlobalSection(SolutionProperties) = preSolution
		HideSolutionNode = FALSE
	EndGlobalSection
	GlobalSection(ExtensibilityGlobals) = postSolution
		SolutionGuid = {009FFFD8-F47C-4DCA-A50F-9A7D9E8F9F38}
	EndGlobalSection
EndGlobal
